
Microsoft Visual Studio Solution File, Format Version 12.00
# Visual Studio 15
VisualStudioVersion = 15.0.27130.2027
MinimumVisualStudioVersion = 10.0.40219.1
Project("{FAE04EC0-301F-11D3-BF4B-00C04F79EFBC}") = "GHWebApplication", "GHWebApplication\GHWebApplication.csproj", "{6095D800-ED61-4A07-ADCD-2691D56D38BD}"
EndProject
Global
	GlobalSection(SolutionConfigurationPlatforms) = preSolution
		Debug|Any CPU = Debug|Any CPU
		Release|Any CPU = Release|Any CPU
	EndGlobalSection
	GlobalSection(ProjectConfigurationPlatforms) = postSolution
		{6095D800-ED61-4A07-ADCD-2691D56D38BD}.Debug|Any CPU.ActiveCfg = Debug|Any CPU
		{6095D800-ED61-4A07-ADCD-2691D56D38BD}.Debug|Any CPU.Build.0 = Debug|Any CPU
		{6095D800-ED61-4A07-ADCD-2691D56D38BD}.Release|Any CPU.ActiveCfg = Release|Any CPU
		{6095D800-ED61-4A07-ADCD-2691D56D38BD}.Release|Any CPU.Build.0 = Release|Any CPU
	EndGlobalSection
	GlobalSection(SolutionProperties) = preSolution
		HideSolutionNode = FALSE
	EndGlobalSection
	GlobalSection(ExtensibilityGlobals) = postSolution
		SolutionGuid = {8119FD68-CF03-49A6-835D-BB6AFBA25E3F}
	EndGlobalSection
EndGlobal
